
Microsoft Visual Studio Solution File, Format Version 12.00
# Visual Studio Version 17
VisualStudioVersion = 17.8.34330.188
MinimumVisualStudioVersion = 10.0.40219.1
Project("{FAE04EC0-301F-11D3-BF4B-00C04F79EFBC}") = "api-core", "api-core\api-core.csproj", "{5AB2F668-8B21-4F81-88BD-92F29A0AB5CD}"
EndProject
Global
	GlobalSection(SolutionConfigurationPlatforms) = preSolution
		Debug|Any CPU = Debug|Any CPU
		Release|Any CPU = Release|Any CPU
	EndGlobalSection
	GlobalSection(ProjectConfigurationPlatforms) = postSolution
		{5AB2F668-8B21-4F81-88BD-92F29A0AB5CD}.Debug|Any CPU.ActiveCfg = Debug|Any CPU
		{5AB2F668-8B21-4F81-88BD-92F29A0AB5CD}.Debug|Any CPU.Build.0 = Debug|Any CPU
		{5AB2F668-8B21-4F81-88BD-92F29A0AB5CD}.Release|Any CPU.ActiveCfg = Release|Any CPU
		{5AB2F668-8B21-4F81-88BD-92F29A0AB5CD}.Release|Any CPU.Build.0 = Release|Any CPU
	EndGlobalSection
	GlobalSection(SolutionProperties) = preSolution
		HideSolutionNode = FALSE
	EndGlobalSection
	GlobalSection(ExtensibilityGlobals) = postSolution
		SolutionGuid = {8DEBFFBC-E19D-4B7D-8EE4-4A74525FE588}
	EndGlobalSection
EndGlobal
